
Microsoft Visual Studio Solution File, Format Version 12.00
# Visual Studio Version 17
VisualStudioVersion = 17.8.34316.72
MinimumVisualStudioVersion = 10.0.40219.1
Project("{2150E333-8FDC-42A3-9474-1A3956D46DE8}") = "src", "src", "{72FE6C75-8C8C-4E1F-8139-B83ADC5A8AA0}"
EndProject
Project("{2150E333-8FDC-42A3-9474-1A3956D46DE8}") = "CarService", "CarService", "{0D6818BE-00B5-485D-BFBB-E98C44D7E3D5}"
EndProject
Project("{2150E333-8FDC-42A3-9474-1A3956D46DE8}") = "SchoolService", "SchoolService", "{1AF9985C-DE35-4577-98C0-523A92E86D87}"
EndProject
Project("{2150E333-8FDC-42A3-9474-1A3956D46DE8}") = "ApartmentService", "ApartmentService", "{81329C88-D5D9-441B-9A91-74BBBD7CAA3A}"
EndProject
Project("{2150E333-8FDC-42A3-9474-1A3956D46DE8}") = "TourismService", "TourismService", "{8B141F76-F5E8-4E99-9DE5-A75E406EB43A}"
EndProject
Project("{FAE04EC0-301F-11D3-BF4B-00C04F79EFBC}") = "Apartment.API", "src\ApartmentService\Apartment.API\Apartment.API.csproj", "{9A79A2FD-3EA3-4224-BA37-CE7A2D7D5484}"
EndProject
Project("{FAE04EC0-301F-11D3-BF4B-00C04F79EFBC}") = "Car.API", "src\CarService\Car.API\Car.API.csproj", "{ADE8F7E1-1A81-4F41-9C15-E2C7125E8D3F}"
EndProject
Project("{FAE04EC0-301F-11D3-BF4B-00C04F79EFBC}") = "School.API", "src\SchoolService\School.API\School.API.csproj", "{05BF8C1C-49AD-4A47-A9BB-FC88B87FD7FC}"
EndProject
Project("{FAE04EC0-301F-11D3-BF4B-00C04F79EFBC}") = "Tourism.API", "src\TourismService\Tourism.API\Tourism.API.csproj", "{A8A5077D-A678-47FD-BB11-8D1CB0B60553}"
EndProject
Project("{FAE04EC0-301F-11D3-BF4B-00C04F79EFBC}") = "Apartment.Domain", "src\ApartmentService\Apartment.Domain\Apartment.Domain.csproj", "{A1ABDCD8-C9DD-469B-B034-B46D09408152}"
EndProject
Project("{FAE04EC0-301F-11D3-BF4B-00C04F79EFBC}") = "Apartment.Application", "src\ApartmentService\Apartment.Application\Apartment.Application.csproj", "{3666DC81-3917-46DD-9942-69108B42561B}"
EndProject
Project("{FAE04EC0-301F-11D3-BF4B-00C04F79EFBC}") = "Apartment.Infrastructure", "src\ApartmentService\Apartment.Infrastructure\Apartment.Infrastructure.csproj", "{4267D35C-3D3E-4815-B3E3-3CD90E329399}"
EndProject
Project("{FAE04EC0-301F-11D3-BF4B-00C04F79EFBC}") = "Car.Domain", "src\CarService\Car.Domain\Car.Domain.csproj", "{9273CD14-AAEC-49D4-8FF8-D3F568885F90}"
EndProject
Project("{FAE04EC0-301F-11D3-BF4B-00C04F79EFBC}") = "Car.Application", "src\CarService\Car.Application\Car.Application.csproj", "{19F376F3-89D6-45FD-9250-1147A4CA0ABB}"
EndProject
Project("{FAE04EC0-301F-11D3-BF4B-00C04F79EFBC}") = "Car.Infrastracture", "src\CarService\Car.Infrastracture\Car.Infrastracture.csproj", "{76863024-6D27-4A9A-97E6-9F4C235B93FD}"
EndProject
Project("{FAE04EC0-301F-11D3-BF4B-00C04F79EFBC}") = "School.Domain", "src\SchoolService\School.Domain\School.Domain.csproj", "{30AE49A5-6E4B-40C2-8BFB-0B66C72A7439}"
EndProject
Project("{FAE04EC0-301F-11D3-BF4B-00C04F79EFBC}") = "School.Application", "src\SchoolService\School.Application\School.Application.csproj", "{FE462CEC-B583-4794-BB2C-C424C2EA4381}"
EndProject
Project("{FAE04EC0-301F-11D3-BF4B-00C04F79EFBC}") = "School.Infrastracture", "src\SchoolService\School.Infrastracture\School.Infrastracture.csproj", "{551F0A31-A474-44BA-B35F-3CDE597F0FD7}"
EndProject
Project("{FAE04EC0-301F-11D3-BF4B-00C04F79EFBC}") = "Tourism.Domain", "src\TourismService\Tourism.Domain\Tourism.Domain.csproj", "{4551E005-5B55-487B-BACE-F393D76E8E7C}"
EndProject
Project("{FAE04EC0-301F-11D3-BF4B-00C04F79EFBC}") = "Tourism.Application", "src\TourismService\Tourism.Application\Tourism.Application.csproj", "{41716581-306B-4548-9D3A-2432A49A8ED0}"
EndProject
Project("{FAE04EC0-301F-11D3-BF4B-00C04F79EFBC}") = "Tourism.Infrastructure", "src\TourismService\Tourism.Infrastructure\Tourism.Infrastructure.csproj", "{C791B827-54A2-41A8-9083-E8680957C3ED}"
EndProject
Global
	GlobalSection(SolutionConfigurationPlatforms) = preSolution
		Debug|Any CPU = Debug|Any CPU
		Release|Any CPU = Release|Any CPU
	EndGlobalSection
	GlobalSection(ProjectConfigurationPlatforms) = postSolution
		{9A79A2FD-3EA3-4224-BA37-CE7A2D7D5484}.Debug|Any CPU.ActiveCfg = Debug|Any CPU
		{9A79A2FD-3EA3-4224-BA37-CE7A2D7D5484}.Debug|Any CPU.Build.0 = Debug|Any CPU
		{9A79A2FD-3EA3-4224-BA37-CE7A2D7D5484}.Release|Any CPU.ActiveCfg = Release|Any CPU
		{9A79A2FD-3EA3-4224-BA37-CE7A2D7D5484}.Release|Any CPU.Build.0 = Release|Any CPU
		{ADE8F7E1-1A81-4F41-9C15-E2C7125E8D3F}.Debug|Any CPU.ActiveCfg = Debug|Any CPU
		{ADE8F7E1-1A81-4F41-9C15-E2C7125E8D3F}.Debug|Any CPU.Build.0 = Debug|Any CPU
		{ADE8F7E1-1A81-4F41-9C15-E2C7125E8D3F}.Release|Any CPU.ActiveCfg = Release|Any CPU
		{ADE8F7E1-1A81-4F41-9C15-E2C7125E8D3F}.Release|Any CPU.Build.0 = Release|Any CPU
		{05BF8C1C-49AD-4A47-A9BB-FC88B87FD7FC}.Debug|Any CPU.ActiveCfg = Debug|Any CPU
		{05BF8C1C-49AD-4A47-A9BB-FC88B87FD7FC}.Debug|Any CPU.Build.0 = Debug|Any CPU
		{05BF8C1C-49AD-4A47-A9BB-FC88B87FD7FC}.Release|Any CPU.ActiveCfg = Release|Any CPU
		{05BF8C1C-49AD-4A47-A9BB-FC88B87FD7FC}.Release|Any CPU.Build.0 = Release|Any CPU
		{A8A5077D-A678-47FD-BB11-8D1CB0B60553}.Debug|Any CPU.ActiveCfg = Debug|Any CPU
		{A8A5077D-A678-47FD-BB11-8D1CB0B60553}.Debug|Any CPU.Build.0 = Debug|Any CPU
		{A8A5077D-A678-47FD-BB11-8D1CB0B60553}.Release|Any CPU.ActiveCfg = Release|Any CPU
		{A8A5077D-A678-47FD-BB11-8D1CB0B60553}.Release|Any CPU.Build.0 = Release|Any CPU
		{A1ABDCD8-C9DD-469B-B034-B46D09408152}.Debug|Any CPU.ActiveCfg = Debug|Any CPU
		{A1ABDCD8-C9DD-469B-B034-B46D09408152}.Debug|Any CPU.Build.0 = Debug|Any CPU
		{A1ABDCD8-C9DD-469B-B034-B46D09408152}.Release|Any CPU.ActiveCfg = Release|Any CPU
		{A1ABDCD8-C9DD-469B-B034-B46D09408152}.Release|Any CPU.Build.0 = Release|Any CPU
		{3666DC81-3917-46DD-9942-69108B42561B}.Debug|Any CPU.ActiveCfg = Debug|Any CPU
		{3666DC81-3917-46DD-9942-69108B42561B}.Debug|Any CPU.Build.0 = Debug|Any CPU
		{3666DC81-3917-46DD-9942-69108B42561B}.Release|Any CPU.ActiveCfg = Release|Any CPU
		{3666DC81-3917-46DD-9942-69108B42561B}.Release|Any CPU.Build.0 = Release|Any CPU
		{4267D35C-3D3E-4815-B3E3-3CD90E329399}.Debug|Any CPU.ActiveCfg = Debug|Any CPU
		{4267D35C-3D3E-4815-B3E3-3CD90E329399}.Debug|Any CPU.Build.0 = Debug|Any CPU
		{4267D35C-3D3E-4815-B3E3-3CD90E329399}.Release|Any CPU.ActiveCfg = Release|Any CPU
		{4267D35C-3D3E-4815-B3E3-3CD90E329399}.Release|Any CPU.Build.0 = Release|Any CPU
		{9273CD14-AAEC-49D4-8FF8-D3F568885F90}.Debug|Any CPU.ActiveCfg = Debug|Any CPU
		{9273CD14-AAEC-49D4-8FF8-D3F568885F90}.Debug|Any CPU.Build.0 = Debug|Any CPU
		{9273CD14-AAEC-49D4-8FF8-D3F568885F90}.Release|Any CPU.ActiveCfg = Release|Any CPU
		{9273CD14-AAEC-49D4-8FF8-D3F568885F90}.Release|Any CPU.Build.0 = Release|Any CPU
		{19F376F3-89D6-45FD-9250-1147A4CA0ABB}.Debug|Any CPU.ActiveCfg = Debug|Any CPU
		{19F376F3-89D6-45FD-9250-1147A4CA0ABB}.Debug|Any CPU.Build.0 = Debug|Any CPU
		{19F376F3-89D6-45FD-9250-1147A4CA0ABB}.Release|Any CPU.ActiveCfg = Release|Any CPU
		{19F376F3-89D6-45FD-9250-1147A4CA0ABB}.Release|Any CPU.Build.0 = Release|Any CPU
		{76863024-6D27-4A9A-97E6-9F4C235B93FD}.Debug|Any CPU.ActiveCfg = Debug|Any CPU
		{76863024-6D27-4A9A-97E6-9F4C235B93FD}.Debug|Any CPU.Build.0 = Debug|Any CPU
		{76863024-6D27-4A9A-97E6-9F4C235B93FD}.Release|Any CPU.ActiveCfg = Release|Any CPU
		{76863024-6D27-4A9A-97E6-9F4C235B93FD}.Release|Any CPU.Build.0 = Release|Any CPU
		{30AE49A5-6E4B-40C2-8BFB-0B66C72A7439}.Debug|Any CPU.ActiveCfg = Debug|Any CPU
		{30AE49A5-6E4B-40C2-8BFB-0B66C72A7439}.Debug|Any CPU.Build.0 = Debug|Any CPU
		{30AE49A5-6E4B-40C2-8BFB-0B66C72A7439}.Release|Any CPU.ActiveCfg = Release|Any CPU
		{30AE49A5-6E4B-40C2-8BFB-0B66C72A7439}.Release|Any CPU.Build.0 = Release|Any CPU
		{FE462CEC-B583-4794-BB2C-C424C2EA4381}.Debug|Any CPU.ActiveCfg = Debug|Any CPU
		{FE462CEC-B583-4794-BB2C-C424C2EA4381}.Debug|Any CPU.Build.0 = Debug|Any CPU
		{FE462CEC-B583-4794-BB2C-C424C2EA4381}.Release|Any CPU.ActiveCfg = Release|Any CPU
		{FE462CEC-B583-4794-BB2C-C424C2EA4381}.Release|Any CPU.Build.0 = Release|Any CPU
		{551F0A31-A474-44BA-B35F-3CDE597F0FD7}.Debug|Any CPU.ActiveCfg = Debug|Any CPU
		{551F0A31-A474-44BA-B35F-3CDE597F0FD7}.Debug|Any CPU.Build.0 = Debug|Any CPU
		{551F0A31-A474-44BA-B35F-3CDE597F0FD7}.Release|Any CPU.ActiveCfg = Release|Any CPU
		{551F0A31-A474-44BA-B35F-3CDE597F0FD7}.Release|Any CPU.Build.0 = Release|Any CPU
		{4551E005-5B55-487B-BACE-F393D76E8E7C}.Debug|Any CPU.ActiveCfg = Debug|Any CPU
		{4551E005-5B55-487B-BACE-F393D76E8E7C}.Debug|Any CPU.Build.0 = Debug|Any CPU
		{4551E005-5B55-487B-BACE-F393D76E8E7C}.Release|Any CPU.ActiveCfg = Release|Any CPU
		{4551E005-5B55-487B-BACE-F393D76E8E7C}.Release|Any CPU.Build.0 = Release|Any CPU
		{41716581-306B-4548-9D3A-2432A49A8ED0}.Debug|Any CPU.ActiveCfg = Debug|Any CPU
		{41716581-306B-4548-9D3A-2432A49A8ED0}.Debug|Any CPU.Build.0 = Debug|Any CPU
		{41716581-306B-4548-9D3A-2432A49A8ED0}.Release|Any CPU.ActiveCfg = Release|Any CPU
		{41716581-306B-4548-9D3A-2432A49A8ED0}.Release|Any CPU.Build.0 = Release|Any CPU
		{C791B827-54A2-41A8-9083-E8680957C3ED}.Debug|Any CPU.ActiveCfg = Debug|Any CPU
		{C791B827-54A2-41A8-9083-E8680957C3ED}.Debug|Any CPU.Build.0 = Debug|Any CPU
		{C791B827-54A2-41A8-9083-E8680957C3ED}.Release|Any CPU.ActiveCfg = Release|Any CPU
		{C791B827-54A2-41A8-9083-E8680957C3ED}.Release|Any CPU.Build.0 = Release|Any CPU
	EndGlobalSection
	GlobalSection(SolutionProperties) = preSolution
		HideSolutionNode = FALSE
	EndGlobalSection
	GlobalSection(NestedProjects) = preSolution
		{0D6818BE-00B5-485D-BFBB-E98C44D7E3D5} = {72FE6C75-8C8C-4E1F-8139-B83ADC5A8AA0}
		{1AF9985C-DE35-4577-98C0-523A92E86D87} = {72FE6C75-8C8C-4E1F-8139-B83ADC5A8AA0}
		{81329C88-D5D9-441B-9A91-74BBBD7CAA3A} = {72FE6C75-8C8C-4E1F-8139-B83ADC5A8AA0}
		{8B141F76-F5E8-4E99-9DE5-A75E406EB43A} = {72FE6C75-8C8C-4E1F-8139-B83ADC5A8AA0}
		{9A79A2FD-3EA3-4224-BA37-CE7A2D7D5484} = {81329C88-D5D9-441B-9A91-74BBBD7CAA3A}
		{ADE8F7E1-1A81-4F41-9C15-E2C7125E8D3F} = {0D6818BE-00B5-485D-BFBB-E98C44D7E3D5}
		{05BF8C1C-49AD-4A47-A9BB-FC88B87FD7FC} = {1AF9985C-DE35-4577-98C0-523A92E86D87}
		{A8A5077D-A678-47FD-BB11-8D1CB0B60553} = {8B141F76-F5E8-4E99-9DE5-A75E406EB43A}
		{A1ABDCD8-C9DD-469B-B034-B46D09408152} = {81329C88-D5D9-441B-9A91-74BBBD7CAA3A}
		{3666DC81-3917-46DD-9942-69108B42561B} = {81329C88-D5D9-441B-9A91-74BBBD7CAA3A}
		{4267D35C-3D3E-4815-B3E3-3CD90E329399} = {81329C88-D5D9-441B-9A91-74BBBD7CAA3A}
		{9273CD14-AAEC-49D4-8FF8-D3F568885F90} = {0D6818BE-00B5-485D-BFBB-E98C44D7E3D5}
		{19F376F3-89D6-45FD-9250-1147A4CA0ABB} = {0D6818BE-00B5-485D-BFBB-E98C44D7E3D5}
		{76863024-6D27-4A9A-97E6-9F4C235B93FD} = {0D6818BE-00B5-485D-BFBB-E98C44D7E3D5}
		{30AE49A5-6E4B-40C2-8BFB-0B66C72A7439} = {1AF9985C-DE35-4577-98C0-523A92E86D87}
		{FE462CEC-B583-4794-BB2C-C424C2EA4381} = {1AF9985C-DE35-4577-98C0-523A92E86D87}
		{551F0A31-A474-44BA-B35F-3CDE597F0FD7} = {1AF9985C-DE35-4577-98C0-523A92E86D87}
		{4551E005-5B55-487B-BACE-F393D76E8E7C} = {8B141F76-F5E8-4E99-9DE5-A75E406EB43A}
		{41716581-306B-4548-9D3A-2432A49A8ED0} = {8B141F76-F5E8-4E99-9DE5-A75E406EB43A}
		{C791B827-54A2-41A8-9083-E8680957C3ED} = {8B141F76-F5E8-4E99-9DE5-A75E406EB43A}
	EndGlobalSection
	GlobalSection(ExtensibilityGlobals) = postSolution
		SolutionGuid = {6AD157C4-8004-4ADE-A523-DAF1057D97F9}
	EndGlobalSection
EndGlobal
